// !$*UTF8*$!
{
	archiveVersion = 1;
	classes = {
	};
	objectVersion = 50;
	objects = {

/* Begin PBXBuildFile section */
		8C3A854A2452CC12006A9896 /* FollowerCell.swift in Sources */ = {isa = PBXBuildFile; fileRef = 8C3A85492452CC12006A9896 /* FollowerCell.swift */; };
		8C3A854C2452CCFA006A9896 /* GFAvatarImageView.swift in Sources */ = {isa = PBXBuildFile; fileRef = 8C3A854B2452CCFA006A9896 /* GFAvatarImageView.swift */; };
		8C6F60DE2452F1CD00EAD848 /* UIHelper.swift in Sources */ = {isa = PBXBuildFile; fileRef = 8C6F60DD2452F1CD00EAD848 /* UIHelper.swift */; };
		8C6F60E92453274100EAD848 /* GFEmptyStateView.swift in Sources */ = {isa = PBXBuildFile; fileRef = 8C6F60E82453274100EAD848 /* GFEmptyStateView.swift */; };
		8C6FC26D2451871800BAAF1E /* AppDelegate.swift in Sources */ = {isa = PBXBuildFile; fileRef = 8C6FC26C2451871800BAAF1E /* AppDelegate.swift */; };
		8C6FC26F2451871800BAAF1E /* SceneDelegate.swift in Sources */ = {isa = PBXBuildFile; fileRef = 8C6FC26E2451871800BAAF1E /* SceneDelegate.swift */; };
		8C6FC2762451871C00BAAF1E /* Assets.xcassets in Resources */ = {isa = PBXBuildFile; fileRef = 8C6FC2752451871C00BAAF1E /* Assets.xcassets */; };
		8C6FC2792451871C00BAAF1E /* LaunchScreen.storyboard in Resources */ = {isa = PBXBuildFile; fileRef = 8C6FC2772451871C00BAAF1E /* LaunchScreen.storyboard */; };
		8C6FC28124518F8F00BAAF1E /* SearchVC.swift in Sources */ = {isa = PBXBuildFile; fileRef = 8C6FC28024518F8F00BAAF1E /* SearchVC.swift */; };
		8C6FC28324518FE000BAAF1E /* FavoritesListVC.swift in Sources */ = {isa = PBXBuildFile; fileRef = 8C6FC28224518FE000BAAF1E /* FavoritesListVC.swift */; };
		8C6FC285245198B700BAAF1E /* GFButton.swift in Sources */ = {isa = PBXBuildFile; fileRef = 8C6FC284245198B700BAAF1E /* GFButton.swift */; };
		8C6FC28724519D1400BAAF1E /* GFTextField.swift in Sources */ = {isa = PBXBuildFile; fileRef = 8C6FC28624519D1400BAAF1E /* GFTextField.swift */; };
		8C6FC2892451BDBC00BAAF1E /* FollowerListVC.swift in Sources */ = {isa = PBXBuildFile; fileRef = 8C6FC2882451BDBC00BAAF1E /* FollowerListVC.swift */; };
		8C6FC28B2451C72C00BAAF1E /* GFTitleLabel.swift in Sources */ = {isa = PBXBuildFile; fileRef = 8C6FC28A2451C72C00BAAF1E /* GFTitleLabel.swift */; };
		8C6FC28D2451C9E300BAAF1E /* GFBodyLabel.swift in Sources */ = {isa = PBXBuildFile; fileRef = 8C6FC28C2451C9E300BAAF1E /* GFBodyLabel.swift */; };
		8C6FC28F2451CBDC00BAAF1E /* GFAlertVC.swift in Sources */ = {isa = PBXBuildFile; fileRef = 8C6FC28E2451CBDC00BAAF1E /* GFAlertVC.swift */; };
		8C6FC2912451DABA00BAAF1E /* UIViewController+Ext.swift in Sources */ = {isa = PBXBuildFile; fileRef = 8C6FC2902451DABA00BAAF1E /* UIViewController+Ext.swift */; };
		8CC727D92452085D0045F054 /* Follower.swift in Sources */ = {isa = PBXBuildFile; fileRef = 8CC727D82452085D0045F054 /* Follower.swift */; };
		8CC727DB24520A290045F054 /* User.swift in Sources */ = {isa = PBXBuildFile; fileRef = 8CC727DA24520A290045F054 /* User.swift */; };
		8CC727DE245211850045F054 /* NetworkManager.swift in Sources */ = {isa = PBXBuildFile; fileRef = 8CC727DD245211850045F054 /* NetworkManager.swift */; };
		8CC727E1245223970045F054 /* ErrorMessage.swift in Sources */ = {isa = PBXBuildFile; fileRef = 8CC727E0245223970045F054 /* ErrorMessage.swift */; };
/* End PBXBuildFile section */

/* Begin PBXFileReference section */
		8C3A85492452CC12006A9896 /* FollowerCell.swift */ = {isa = PBXFileReference; lastKnownFileType = sourcecode.swift; path = FollowerCell.swift; sourceTree = "<group>"; };
		8C3A854B2452CCFA006A9896 /* GFAvatarImageView.swift */ = {isa = PBXFileReference; lastKnownFileType = sourcecode.swift; path = GFAvatarImageView.swift; sourceTree = "<group>"; };
		8C6F60DD2452F1CD00EAD848 /* UIHelper.swift */ = {isa = PBXFileReference; lastKnownFileType = sourcecode.swift; path = UIHelper.swift; sourceTree = "<group>"; };
		8C6F60E82453274100EAD848 /* GFEmptyStateView.swift */ = {isa = PBXFileReference; lastKnownFileType = sourcecode.swift; path = GFEmptyStateView.swift; sourceTree = "<group>"; };
		8C6FC2692451871800BAAF1E /* GitHubFollowers-App.app */ = {isa = PBXFileReference; explicitFileType = wrapper.application; includeInIndex = 0; path = "GitHubFollowers-App.app"; sourceTree = BUILT_PRODUCTS_DIR; };
		8C6FC26C2451871800BAAF1E /* AppDelegate.swift */ = {isa = PBXFileReference; lastKnownFileType = sourcecode.swift; path = AppDelegate.swift; sourceTree = "<group>"; };
		8C6FC26E2451871800BAAF1E /* SceneDelegate.swift */ = {isa = PBXFileReference; lastKnownFileType = sourcecode.swift; path = SceneDelegate.swift; sourceTree = "<group>"; };
		8C6FC2752451871C00BAAF1E /* Assets.xcassets */ = {isa = PBXFileReference; lastKnownFileType = folder.assetcatalog; path = Assets.xcassets; sourceTree = "<group>"; };
		8C6FC2782451871C00BAAF1E /* Base */ = {isa = PBXFileReference; lastKnownFileType = file.storyboard; name = Base; path = Base.lproj/LaunchScreen.storyboard; sourceTree = "<group>"; };
		8C6FC27A2451871C00BAAF1E /* Info.plist */ = {isa = PBXFileReference; lastKnownFileType = text.plist.xml; path = Info.plist; sourceTree = "<group>"; };
		8C6FC28024518F8F00BAAF1E /* SearchVC.swift */ = {isa = PBXFileReference; lastKnownFileType = sourcecode.swift; path = SearchVC.swift; sourceTree = "<group>"; };
		8C6FC28224518FE000BAAF1E /* FavoritesListVC.swift */ = {isa = PBXFileReference; lastKnownFileType = sourcecode.swift; path = FavoritesListVC.swift; sourceTree = "<group>"; };
		8C6FC284245198B700BAAF1E /* GFButton.swift */ = {isa = PBXFileReference; lastKnownFileType = sourcecode.swift; path = GFButton.swift; sourceTree = "<group>"; };
		8C6FC28624519D1400BAAF1E /* GFTextField.swift */ = {isa = PBXFileReference; lastKnownFileType = sourcecode.swift; path = GFTextField.swift; sourceTree = "<group>"; };
		8C6FC2882451BDBC00BAAF1E /* FollowerListVC.swift */ = {isa = PBXFileReference; lastKnownFileType = sourcecode.swift; path = FollowerListVC.swift; sourceTree = "<group>"; };
		8C6FC28A2451C72C00BAAF1E /* GFTitleLabel.swift */ = {isa = PBXFileReference; lastKnownFileType = sourcecode.swift; path = GFTitleLabel.swift; sourceTree = "<group>"; };
		8C6FC28C2451C9E300BAAF1E /* GFBodyLabel.swift */ = {isa = PBXFileReference; lastKnownFileType = sourcecode.swift; path = GFBodyLabel.swift; sourceTree = "<group>"; };
		8C6FC28E2451CBDC00BAAF1E /* GFAlertVC.swift */ = {isa = PBXFileReference; lastKnownFileType = sourcecode.swift; path = GFAlertVC.swift; sourceTree = "<group>"; };
		8C6FC2902451DABA00BAAF1E /* UIViewController+Ext.swift */ = {isa = PBXFileReference; lastKnownFileType = sourcecode.swift; path = "UIViewController+Ext.swift"; sourceTree = "<group>"; };
		8CC727D82452085D0045F054 /* Follower.swift */ = {isa = PBXFileReference; lastKnownFileType = sourcecode.swift; path = Follower.swift; sourceTree = "<group>"; };
		8CC727DA24520A290045F054 /* User.swift */ = {isa = PBXFileReference; lastKnownFileType = sourcecode.swift; path = User.swift; sourceTree = "<group>"; };
		8CC727DD245211850045F054 /* NetworkManager.swift */ = {isa = PBXFileReference; lastKnownFileType = sourcecode.swift; path = NetworkManager.swift; sourceTree = "<group>"; };
		8CC727E0245223970045F054 /* ErrorMessage.swift */ = {isa = PBXFileReference; lastKnownFileType = sourcecode.swift; path = ErrorMessage.swift; sourceTree = "<group>"; };
/* End PBXFileReference section */

/* Begin PBXFrameworksBuildPhase section */
		8C6FC2662451871800BAAF1E /* Frameworks */ = {
			isa = PBXFrameworksBuildPhase;
			buildActionMask = 2147483647;
			files = (
			);
			runOnlyForDeploymentPostprocessing = 0;
		};
/* End PBXFrameworksBuildPhase section */

/* Begin PBXGroup section */
		8C3A85482452CBF2006A9896 /* Cells */ = {
			isa = PBXGroup;
			children = (
				8C3A85492452CC12006A9896 /* FollowerCell.swift */,
			);
			path = Cells;
			sourceTree = "<group>";
		};
		8C6F60E1245326A700EAD848 /* Views */ = {
			isa = PBXGroup;
			children = (
				8C6F60E82453274100EAD848 /* GFEmptyStateView.swift */,
			);
			path = Views;
			sourceTree = "<group>";
		};
		8C6F60E2245326AB00EAD848 /* Buttons */ = {
			isa = PBXGroup;
			children = (
				8C6FC284245198B700BAAF1E /* GFButton.swift */,
			);
			path = Buttons;
			sourceTree = "<group>";
		};
		8C6F60E3245326B300EAD848 /* TextFields */ = {
			isa = PBXGroup;
			children = (
				8C6FC28624519D1400BAAF1E /* GFTextField.swift */,
			);
			path = TextFields;
			sourceTree = "<group>";
		};
		8C6F60E4245326BC00EAD848 /* ImageViews */ = {
			isa = PBXGroup;
			children = (
				8C3A854B2452CCFA006A9896 /* GFAvatarImageView.swift */,
			);
			path = ImageViews;
			sourceTree = "<group>";
		};
		8C6F60E5245326C900EAD848 /* ViewControllers */ = {
			isa = PBXGroup;
			children = (
				8C6FC28E2451CBDC00BAAF1E /* GFAlertVC.swift */,
			);
			path = ViewControllers;
			sourceTree = "<group>";
		};
		8C6F60E7245326F900EAD848 /* Labels */ = {
			isa = PBXGroup;
			children = (
				8C6FC28C2451C9E300BAAF1E /* GFBodyLabel.swift */,
				8C6FC28A2451C72C00BAAF1E /* GFTitleLabel.swift */,
			);
			path = Labels;
			sourceTree = "<group>";
		};
		8C6FC2602451871800BAAF1E = {
			isa = PBXGroup;
			children = (
				8C6FC26B2451871800BAAF1E /* GitHubFollowers-App */,
				8C6FC26A2451871800BAAF1E /* Products */,
			);
			sourceTree = "<group>";
		};
		8C6FC26A2451871800BAAF1E /* Products */ = {
			isa = PBXGroup;
			children = (
				8C6FC2692451871800BAAF1E /* GitHubFollowers-App.app */,
			);
			name = Products;
			sourceTree = "<group>";
		};
		8C6FC26B2451871800BAAF1E /* GitHubFollowers-App */ = {
			isa = PBXGroup;
			children = (
				8CC727DC245211560045F054 /* Managers */,
				8CC727D72452083B0045F054 /* Models */,
				8C6FC2932451EA2700BAAF1E /* Custom Views */,
				8C6FC2922451E21100BAAF1E /* Screens */,
				8C6FC2942451EA6500BAAF1E /* Extensions */,
				8CC727DF2452236D0045F054 /* Utilities */,
				8C6FC2952451EAD000BAAF1E /* Support */,
				8C6FC27A2451871C00BAAF1E /* Info.plist */,
			);
			path = "GitHubFollowers-App";
			sourceTree = "<group>";
		};
		8C6FC2922451E21100BAAF1E /* Screens */ = {
			isa = PBXGroup;
			children = (
				8C6FC28024518F8F00BAAF1E /* SearchVC.swift */,
				8C6FC28224518FE000BAAF1E /* FavoritesListVC.swift */,
				8C6FC2882451BDBC00BAAF1E /* FollowerListVC.swift */,
			);
			path = Screens;
			sourceTree = "<group>";
		};
		8C6FC2932451EA2700BAAF1E /* Custom Views */ = {
			isa = PBXGroup;
			children = (
				8C6F60E5245326C900EAD848 /* ViewControllers */,
				8C6F60E4245326BC00EAD848 /* ImageViews */,
				8C6F60E7245326F900EAD848 /* Labels */,
				8C6F60E3245326B300EAD848 /* TextFields */,
				8C6F60E2245326AB00EAD848 /* Buttons */,
				8C6F60E1245326A700EAD848 /* Views */,
				8C3A85482452CBF2006A9896 /* Cells */,
			);
			path = "Custom Views";
			sourceTree = "<group>";
		};
		8C6FC2942451EA6500BAAF1E /* Extensions */ = {
			isa = PBXGroup;
			children = (
				8C6FC2902451DABA00BAAF1E /* UIViewController+Ext.swift */,
			);
			path = Extensions;
			sourceTree = "<group>";
		};
		8C6FC2952451EAD000BAAF1E /* Support */ = {
			isa = PBXGroup;
			children = (
				8C6FC26C2451871800BAAF1E /* AppDelegate.swift */,
				8C6FC26E2451871800BAAF1E /* SceneDelegate.swift */,
				8C6FC2752451871C00BAAF1E /* Assets.xcassets */,
				8C6FC2772451871C00BAAF1E /* LaunchScreen.storyboard */,
			);
			path = Support;
			sourceTree = "<group>";
		};
		8CC727D72452083B0045F054 /* Models */ = {
			isa = PBXGroup;
			children = (
				8CC727D82452085D0045F054 /* Follower.swift */,
				8CC727DA24520A290045F054 /* User.swift */,
			);
			path = Models;
			sourceTree = "<group>";
		};
		8CC727DC245211560045F054 /* Managers */ = {
			isa = PBXGroup;
			children = (
				8CC727DD245211850045F054 /* NetworkManager.swift */,
			);
			path = Managers;
			sourceTree = "<group>";
		};
		8CC727DF2452236D0045F054 /* Utilities */ = {
			isa = PBXGroup;
			children = (
				8CC727E0245223970045F054 /* ErrorMessage.swift */,
				8C6F60DD2452F1CD00EAD848 /* UIHelper.swift */,
			);
			path = Utilities;
			sourceTree = "<group>";
		};
/* End PBXGroup section */

/* Begin PBXNativeTarget section */
		8C6FC2682451871800BAAF1E /* GitHubFollowers-App */ = {
			isa = PBXNativeTarget;
			buildConfigurationList = 8C6FC27D2451871C00BAAF1E /* Build configuration list for PBXNativeTarget "GitHubFollowers-App" */;
			buildPhases = (
				8C6FC2652451871800BAAF1E /* Sources */,
				8C6FC2662451871800BAAF1E /* Frameworks */,
				8C6FC2672451871800BAAF1E /* Resources */,
			);
			buildRules = (
			);
			dependencies = (
			);
			name = "GitHubFollowers-App";
			productName = "GitHubFollowers-App";
			productReference = 8C6FC2692451871800BAAF1E /* GitHubFollowers-App.app */;
			productType = "com.apple.product-type.application";
		};
/* End PBXNativeTarget section */

/* Begin PBXProject section */
		8C6FC2612451871800BAAF1E /* Project object */ = {
			isa = PBXProject;
			attributes = {
				LastSwiftUpdateCheck = 1140;
				LastUpgradeCheck = 1140;
				ORGANIZATIONNAME = Kaan;
				TargetAttributes = {
					8C6FC2682451871800BAAF1E = {
						CreatedOnToolsVersion = 11.4;
					};
				};
			};
			buildConfigurationList = 8C6FC2642451871800BAAF1E /* Build configuration list for PBXProject "GitHubFollowers-App" */;
			compatibilityVersion = "Xcode 9.3";
			developmentRegion = en;
			hasScannedForEncodings = 0;
			knownRegions = (
				en,
				Base,
			);
			mainGroup = 8C6FC2602451871800BAAF1E;
			productRefGroup = 8C6FC26A2451871800BAAF1E /* Products */;
			projectDirPath = "";
			projectRoot = "";
			targets = (
				8C6FC2682451871800BAAF1E /* GitHubFollowers-App */,
			);
		};
/* End PBXProject section */

/* Begin PBXResourcesBuildPhase section */
		8C6FC2672451871800BAAF1E /* Resources */ = {
			isa = PBXResourcesBuildPhase;
			buildActionMask = 2147483647;
			files = (
				8C6FC2792451871C00BAAF1E /* LaunchScreen.storyboard in Resources */,
				8C6FC2762451871C00BAAF1E /* Assets.xcassets in Resources */,
			);
			runOnlyForDeploymentPostprocessing = 0;
		};
/* End PBXResourcesBuildPhase section */

/* Begin PBXSourcesBuildPhase section */
		8C6FC2652451871800BAAF1E /* Sources */ = {
			isa = PBXSourcesBuildPhase;
			buildActionMask = 2147483647;
			files = (
				8C6F60E92453274100EAD848 /* GFEmptyStateView.swift in Sources */,
				8CC727DB24520A290045F054 /* User.swift in Sources */,
				8C6FC28724519D1400BAAF1E /* GFTextField.swift in Sources */,
				8C6FC28324518FE000BAAF1E /* FavoritesListVC.swift in Sources */,
				8C6FC285245198B700BAAF1E /* GFButton.swift in Sources */,
				8C6FC2912451DABA00BAAF1E /* UIViewController+Ext.swift in Sources */,
				8C6F60DE2452F1CD00EAD848 /* UIHelper.swift in Sources */,
				8C6FC28124518F8F00BAAF1E /* SearchVC.swift in Sources */,
				8C6FC28F2451CBDC00BAAF1E /* GFAlertVC.swift in Sources */,
				8C3A854A2452CC12006A9896 /* FollowerCell.swift in Sources */,
				8CC727E1245223970045F054 /* ErrorMessage.swift in Sources */,
				8C3A854C2452CCFA006A9896 /* GFAvatarImageView.swift in Sources */,
				8C6FC28D2451C9E300BAAF1E /* GFBodyLabel.swift in Sources */,
				8CC727D92452085D0045F054 /* Follower.swift in Sources */,
				8C6FC28B2451C72C00BAAF1E /* GFTitleLabel.swift in Sources */,
				8CC727DE245211850045F054 /* NetworkManager.swift in Sources */,
				8C6FC2892451BDBC00BAAF1E /* FollowerListVC.swift in Sources */,
				8C6FC26D2451871800BAAF1E /* AppDelegate.swift in Sources */,
				8C6FC26F2451871800BAAF1E /* SceneDelegate.swift in Sources */,
			);
			runOnlyForDeploymentPostprocessing = 0;
		};
/* End PBXSourcesBuildPhase section */

/* Begin PBXVariantGroup section */
		8C6FC2772451871C00BAAF1E /* LaunchScreen.storyboard */ = {
			isa = PBXVariantGroup;
			children = (
				8C6FC2782451871C00BAAF1E /* Base */,
			);
			name = LaunchScreen.storyboard;
			sourceTree = "<group>";
		};
/* End PBXVariantGroup section */

/* Begin XCBuildConfiguration section */
		8C6FC27B2451871C00BAAF1E /* Debug */ = {
			isa = XCBuildConfiguration;
			buildSettings = {
				ALWAYS_SEARCH_USER_PATHS = NO;
				CLANG_ANALYZER_NONNULL = YES;
				CLANG_ANALYZER_NUMBER_OBJECT_CONVERSION = YES_AGGRESSIVE;
				CLANG_CXX_LANGUAGE_STANDARD = "gnu++14";
				CLANG_CXX_LIBRARY = "libc++";
				CLANG_ENABLE_MODULES = YES;
				CLANG_ENABLE_OBJC_ARC = YES;
				CLANG_ENABLE_OBJC_WEAK = YES;
				CLANG_WARN_BLOCK_CAPTURE_AUTORELEASING = YES;
				CLANG_WARN_BOOL_CONVERSION = YES;
				CLANG_WARN_COMMA = YES;
				CLANG_WARN_CONSTANT_CONVERSION = YES;
				CLANG_WARN_DEPRECATED_OBJC_IMPLEMENTATIONS = YES;
				CLANG_WARN_DIRECT_OBJC_ISA_USAGE = YES_ERROR;
				CLANG_WARN_DOCUMENTATION_COMMENTS = YES;
				CLANG_WARN_EMPTY_BODY = YES;
				CLANG_WARN_ENUM_CONVERSION = YES;
				CLANG_WARN_INFINITE_RECURSION = YES;
				CLANG_WARN_INT_CONVERSION = YES;
				CLANG_WARN_NON_LITERAL_NULL_CONVERSION = YES;
				CLANG_WARN_OBJC_IMPLICIT_RETAIN_SELF = YES;
				CLANG_WARN_OBJC_LITERAL_CONVERSION = YES;
				CLANG_WARN_OBJC_ROOT_CLASS = YES_ERROR;
				CLANG_WARN_RANGE_LOOP_ANALYSIS = YES;
				CLANG_WARN_STRICT_PROTOTYPES = YES;
				CLANG_WARN_SUSPICIOUS_MOVE = YES;
				CLANG_WARN_UNGUARDED_AVAILABILITY = YES_AGGRESSIVE;
				CLANG_WARN_UNREACHABLE_CODE = YES;
				CLANG_WARN__DUPLICATE_METHOD_MATCH = YES;
				COPY_PHASE_STRIP = NO;
				DEBUG_INFORMATION_FORMAT = dwarf;
				ENABLE_STRICT_OBJC_MSGSEND = YES;
				ENABLE_TESTABILITY = YES;
				GCC_C_LANGUAGE_STANDARD = gnu11;
				GCC_DYNAMIC_NO_PIC = NO;
				GCC_NO_COMMON_BLOCKS = YES;
				GCC_OPTIMIZATION_LEVEL = 0;
				GCC_PREPROCESSOR_DEFINITIONS = (
					"DEBUG=1",
					"$(inherited)",
				);
				GCC_WARN_64_TO_32_BIT_CONVERSION = YES;
				GCC_WARN_ABOUT_RETURN_TYPE = YES_ERROR;
				GCC_WARN_UNDECLARED_SELECTOR = YES;
				GCC_WARN_UNINITIALIZED_AUTOS = YES_AGGRESSIVE;
				GCC_WARN_UNUSED_FUNCTION = YES;
				GCC_WARN_UNUSED_VARIABLE = YES;
				IPHONEOS_DEPLOYMENT_TARGET = 13.4;
				MTL_ENABLE_DEBUG_INFO = INCLUDE_SOURCE;
				MTL_FAST_MATH = YES;
				ONLY_ACTIVE_ARCH = YES;
				SDKROOT = iphoneos;
				SWIFT_ACTIVE_COMPILATION_CONDITIONS = DEBUG;
				SWIFT_OPTIMIZATION_LEVEL = "-Onone";
			};
			name = Debug;
		};
		8C6FC27C2451871C00BAAF1E /* Release */ = {
			isa = XCBuildConfiguration;
			buildSettings = {
				ALWAYS_SEARCH_USER_PATHS = NO;
				CLANG_ANALYZER_NONNULL = YES;
				CLANG_ANALYZER_NUMBER_OBJECT_CONVERSION = YES_AGGRESSIVE;
				CLANG_CXX_LANGUAGE_STANDARD = "gnu++14";
				CLANG_CXX_LIBRARY = "libc++";
				CLANG_ENABLE_MODULES = YES;
				CLANG_ENABLE_OBJC_ARC = YES;
				CLANG_ENABLE_OBJC_WEAK = YES;
				CLANG_WARN_BLOCK_CAPTURE_AUTORELEASING = YES;
				CLANG_WARN_BOOL_CONVERSION = YES;
				CLANG_WARN_COMMA = YES;
				CLANG_WARN_CONSTANT_CONVERSION = YES;
				CLANG_WARN_DEPRECATED_OBJC_IMPLEMENTATIONS = YES;
				CLANG_WARN_DIRECT_OBJC_ISA_USAGE = YES_ERROR;
				CLANG_WARN_DOCUMENTATION_COMMENTS = YES;
				CLANG_WARN_EMPTY_BODY = YES;
				CLANG_WARN_ENUM_CONVERSION = YES;
				CLANG_WARN_INFINITE_RECURSION = YES;
				CLANG_WARN_INT_CONVERSION = YES;
				CLANG_WARN_NON_LITERAL_NULL_CONVERSION = YES;
				CLANG_WARN_OBJC_IMPLICIT_RETAIN_SELF = YES;
				CLANG_WARN_OBJC_LITERAL_CONVERSION = YES;
				CLANG_WARN_OBJC_ROOT_CLASS = YES_ERROR;
				CLANG_WARN_RANGE_LOOP_ANALYSIS = YES;
				CLANG_WARN_STRICT_PROTOTYPES = YES;
				CLANG_WARN_SUSPICIOUS_MOVE = YES;
				CLANG_WARN_UNGUARDED_AVAILABILITY = YES_AGGRESSIVE;
				CLANG_WARN_UNREACHABLE_CODE = YES;
				CLANG_WARN__DUPLICATE_METHOD_MATCH = YES;
				COPY_PHASE_STRIP = NO;
				DEBUG_INFORMATION_FORMAT = "dwarf-with-dsym";
				ENABLE_NS_ASSERTIONS = NO;
				ENABLE_STRICT_OBJC_MSGSEND = YES;
				GCC_C_LANGUAGE_STANDARD = gnu11;
				GCC_NO_COMMON_BLOCKS = YES;
				GCC_WARN_64_TO_32_BIT_CONVERSION = YES;
				GCC_WARN_ABOUT_RETURN_TYPE = YES_ERROR;
				GCC_WARN_UNDECLARED_SELECTOR = YES;
				GCC_WARN_UNINITIALIZED_AUTOS = YES_AGGRESSIVE;
				GCC_WARN_UNUSED_FUNCTION = YES;
				GCC_WARN_UNUSED_VARIABLE = YES;
				IPHONEOS_DEPLOYMENT_TARGET = 13.4;
				MTL_ENABLE_DEBUG_INFO = NO;
				MTL_FAST_MATH = YES;
				SDKROOT = iphoneos;
				SWIFT_COMPILATION_MODE = wholemodule;
				SWIFT_OPTIMIZATION_LEVEL = "-O";
				VALIDATE_PRODUCT = YES;
			};
			name = Release;
		};
		8C6FC27E2451871C00BAAF1E /* Debug */ = {
			isa = XCBuildConfiguration;
			buildSettings = {
				ASSETCATALOG_COMPILER_APPICON_NAME = AppIcon;
				CODE_SIGN_STYLE = Automatic;
				DEVELOPMENT_TEAM = SGJNTE3HND;
				INFOPLIST_FILE = "GitHubFollowers-App/Info.plist";
				LD_RUNPATH_SEARCH_PATHS = (
					"$(inherited)",
					"@executable_path/Frameworks",
				);
				PRODUCT_BUNDLE_IDENTIFIER = "com.Kaan.GitHubFollowers-App";
				PRODUCT_NAME = "$(TARGET_NAME)";
				SWIFT_VERSION = 5.0;
				TARGETED_DEVICE_FAMILY = 1;
			};
			name = Debug;
		};
		8C6FC27F2451871C00BAAF1E /* Release */ = {
			isa = XCBuildConfiguration;
			buildSettings = {
				ASSETCATALOG_COMPILER_APPICON_NAME = AppIcon;
				CODE_SIGN_STYLE = Automatic;
				DEVELOPMENT_TEAM = SGJNTE3HND;
				INFOPLIST_FILE = "GitHubFollowers-App/Info.plist";
				LD_RUNPATH_SEARCH_PATHS = (
					"$(inherited)",
					"@executable_path/Frameworks",
				);
				PRODUCT_BUNDLE_IDENTIFIER = "com.Kaan.GitHubFollowers-App";
				PRODUCT_NAME = "$(TARGET_NAME)";
				SWIFT_VERSION = 5.0;
				TARGETED_DEVICE_FAMILY = 1;
			};
			name = Release;
		};
/* End XCBuildConfiguration section */

/* Begin XCConfigurationList section */
		8C6FC2642451871800BAAF1E /* Build configuration list for PBXProject "GitHubFollowers-App" */ = {
			isa = XCConfigurationList;
			buildConfigurations = (
				8C6FC27B2451871C00BAAF1E /* Debug */,
				8C6FC27C2451871C00BAAF1E /* Release */,
			);
			defaultConfigurationIsVisible = 0;
			defaultConfigurationName = Release;
		};
		8C6FC27D2451871C00BAAF1E /* Build configuration list for PBXNativeTarget "GitHubFollowers-App" */ = {
			isa = XCConfigurationList;
			buildConfigurations = (
				8C6FC27E2451871C00BAAF1E /* Debug */,
				8C6FC27F2451871C00BAAF1E /* Release */,
			);
			defaultConfigurationIsVisible = 0;
			defaultConfigurationName = Release;
		};
/* End XCConfigurationList section */
	};
	rootObject = 8C6FC2612451871800BAAF1E /* Project object */;
}
